<?xml version="1.0" encoding="utf-8"?>
<Project ToolsVersion="4.0" xmlns="http://schemas.microsoft.com/developer/msbuild/2003">
  <ItemGroup>
    <Filter Include="ソース ファイル">
      <UniqueIdentifier>{4FC737F1-C7A5-4376-A066-2A32D752A2FF}</UniqueIdentifier>
      <Extensions>cpp;c;cc;cxx;def;odl;idl;hpj;bat;asm;asmx</Extensions>
    </Filter>
    <Filter Include="ヘッダー ファイル">
      <UniqueIdentifier>{93995380-89BD-4b04-88EB-625FBE52EBFB}</UniqueIdentifier>
      <Extensions>h;hh;hpp;hxx;hm;inl;inc;ipp;xsd</Extensions>
    </Filter>
    <Filter Include="リソース ファイル">
      <UniqueIdentifier>{67DA6AB6-F800-4c08-8B7A-83BB121AAD01}</UniqueIdentifier>
      <Extensions>rc;ico;cur;bmp;dlg;rc2;rct;bin;rgs;gif;jpg;jpeg;jpe;resx;tiff;tif;png;wav;mfcribbon-ms</Extensions>
    </Filter>
    <Filter Include="ヘッダー ファイル\System">
      <UniqueIdentifier>{3c3003ab-251a-4090-af5d-f6e4276f7310}</UniqueIdentifier>
    </Filter>
    <Filter Include="ソース ファイル\System">
      <UniqueIdentifier>{5b286252-ad80-46b7-af00-35faf47285b1}</UniqueIdentifier>
    </Filter>
    <Filter Include="ソース ファイル\3D">
      <UniqueIdentifier>{a8e25227-0033-49c3-a0ac-e84bbe70dce6}</UniqueIdentifier>
    </Filter>
    <Filter Include="ヘッダー ファイル\3D">
      <UniqueIdentifier>{6479e34d-5857-4310-b1dd-ee95fdc2536a}</UniqueIdentifier>
    </Filter>
    <Filter Include="ソース ファイル\2DUI">
      <UniqueIdentifier>{46c4a008-7562-470a-be5b-fd364eb41dc6}</UniqueIdentifier>
    </Filter>
    <Filter Include="ヘッダー ファイル\2DUI">
      <UniqueIdentifier>{9d5735c0-239b-4f4f-9e53-15843e066c92}</UniqueIdentifier>
    </Filter>
  </ItemGroup>
  <ItemGroup>
    <ClInclude Include="CAllocateHierarchy.h">
      <Filter>ヘッダー ファイル\System</Filter>
    </ClInclude>
    <ClInclude Include="D3DXAnimation.h">
      <Filter>ヘッダー ファイル\System</Filter>
    </ClInclude>
    <ClInclude Include="debugproc.h">
      <Filter>ヘッダー ファイル\System</Filter>
    </ClInclude>
    <ClInclude Include="Icon.h">
      <Filter>ヘッダー ファイル\System</Filter>
    </ClInclude>
    <ClInclude Include="sound.h">
      <Filter>ヘッダー ファイル\System</Filter>
    </ClInclude>
    <ClInclude Include="main.h">
      <Filter>ヘッダー ファイル\System</Filter>
    </ClInclude>
    <ClInclude Include="input.h">
      <Filter>ヘッダー ファイル\System</Filter>
    </ClInclude>
    <ClInclude Include="enemy.h">
      <Filter>ヘッダー ファイル\3D</Filter>
    </ClInclude>
    <ClInclude Include="light.h">
      <Filter>ヘッダー ファイル\3D</Filter>
    </ClInclude>
    <ClInclude Include="meshfield.h">
      <Filter>ヘッダー ファイル\3D</Filter>
    </ClInclude>
    <ClInclude Include="meshwall.h">
      <Filter>ヘッダー ファイル\3D</Filter>
    </ClInclude>
    <ClInclude Include="player.h">
      <Filter>ヘッダー ファイル\3D</Filter>
    </ClInclude>
    <ClInclude Include="camera.h">
      <Filter>ヘッダー ファイル\3D</Filter>
    </ClInclude>
    <ClInclude Include="shadow.h">
      <Filter>ヘッダー ファイル\3D</Filter>
    </ClInclude>
    <ClInclude Include="blackscreen.h">
      <Filter>ヘッダー ファイル\2DUI</Filter>
    </ClInclude>
    <ClInclude Include="company.h">
      <Filter>ヘッダー ファイル\2DUI</Filter>
    </ClInclude>
    <ClInclude Include="countdown.h">
      <Filter>ヘッダー ファイル\2DUI</Filter>
    </ClInclude>
    <ClInclude Include="drawgame.h">
      <Filter>ヘッダー ファイル\2DUI</Filter>
    </ClInclude>
    <ClInclude Include="escore.h">
      <Filter>ヘッダー ファイル\2DUI</Filter>
    </ClInclude>
    <ClInclude Include="evaluation.h">
      <Filter>ヘッダー ファイル\2DUI</Filter>
    </ClInclude>
    <ClInclude Include="frame.h">
      <Filter>ヘッダー ファイル\2DUI</Filter>
    </ClInclude>
    <ClInclude Include="knockout.h">
      <Filter>ヘッダー ファイル\2DUI</Filter>
    </ClInclude>
    <ClInclude Include="modeselect.h">
      <Filter>ヘッダー ファイル\2DUI</Filter>
    </ClInclude>
    <ClInclude Include="pause.h">
      <Filter>ヘッダー ファイル\2DUI</Filter>
    </ClInclude>
    <ClInclude Include="result.h">
      <Filter>ヘッダー ファイル\2DUI</Filter>
    </ClInclude>
    <ClInclude Include="resultstar.h">
      <Filter>ヘッダー ファイル\2DUI</Filter>
    </ClInclude>
    <ClInclude Include="score.h">
      <Filter>ヘッダー ファイル\2DUI</Filter>
    </ClInclude>
    <ClInclude Include="spmax.h">
      <Filter>ヘッダー ファイル\2DUI</Filter>
    </ClInclude>
    <ClInclude Include="timer.h">
      <Filter>ヘッダー ファイル\2DUI</Filter>
    </ClInclude>
    <ClInclude Include="title.h">
      <Filter>ヘッダー ファイル\2DUI</Filter>
    </ClInclude>
    <ClInclude Include="tutorial.h">
      <Filter>ヘッダー ファイル\2DUI</Filter>
    </ClInclude>
    <ClInclude Include="winner.h">
      <Filter>ヘッダー ファイル\2DUI</Filter>
    </ClInclude>
    <ClInclude Include="thanks.h">
      <Filter>ヘッダー ファイル\2DUI</Filter>
    </ClInclude>
    <ClInclude Include="effect.h">
      <Filter>ヘッダー ファイル\3D</Filter>
    </ClInclude>
    <ClInclude Include="particle.h">
      <Filter>ヘッダー ファイル\3D</Filter>
    </ClInclude>
    <ClInclude Include="skybox.h">
      <Filter>ヘッダー ファイル\3D</Filter>
    </ClInclude>
    <ClInclude Include="ball.h">
      <Filter>ヘッダー ファイル\System</Filter>
    </ClInclude>
    <ClInclude Include="battle.h">
      <Filter>ヘッダー ファイル\System</Filter>
    </ClInclude>
    <ClInclude Include="hadou.h">
      <Filter>ヘッダー ファイル\3D</Filter>
    </ClInclude>
    <ClInclude Include="pop.h">
      <Filter>ヘッダー ファイル\3D</Filter>
    </ClInclude>
    <ClInclude Include="gauge.h">
      <Filter>ヘッダー ファイル\2DUI</Filter>
    </ClInclude>
    <ClInclude Include="egauge.h">
      <Filter>ヘッダー ファイル\2DUI</Filter>
    </ClInclude>
    <ClInclude Include="spgauge.h">
      <Filter>ヘッダー ファイル\2DUI</Filter>
    </ClInclude>
    <ClInclude Include="espgauge.h">
      <Filter>ヘッダー ファイル\2DUI</Filter>
    </ClInclude>
    <ClInclude Include="framespgauge.h">
      <Filter>ヘッダー ファイル\2DUI</Filter>
    </ClInclude>
    <ClInclude Include="eredgauge.h">
      <Filter>ヘッダー ファイル\2DUI</Filter>
    </ClInclude>
    <ClInclude Include="redgauge.h">
      <Filter>ヘッダー ファイル\2DUI</Filter>
    </ClInclude>
  </ItemGroup>
  <ItemGroup>
    <ClCompile Include="CAllocateHierarchy.cpp">
      <Filter>ソース ファイル\System</Filter>
    </ClCompile>
    <ClCompile Include="D3DXAnimation.cpp">
      <Filter>ソース ファイル\System</Filter>
    </ClCompile>
    <ClCompile Include="debugproc.cpp">
      <Filter>ソース ファイル\System</Filter>
    </ClCompile>
    <ClCompile Include="main.cpp">
      <Filter>ソース ファイル\System</Filter>
    </ClCompile>
    <ClCompile Include="sound.cpp">
      <Filter>ソース ファイル\System</Filter>
    </ClCompile>
    <ClCompile Include="input.cpp">
      <Filter>ソース ファイル\System</Filter>
    </ClCompile>
    <ClCompile Include="blackscreen.cpp">
      <Filter>ソース ファイル\2DUI</Filter>
    </ClCompile>
    <ClCompile Include="company.cpp">
      <Filter>ソース ファイル\2DUI</Filter>
    </ClCompile>
    <ClCompile Include="countdown.cpp">
      <Filter>ソース ファイル\2DUI</Filter>
    </ClCompile>
    <ClCompile Include="drawgame.cpp">
      <Filter>ソース ファイル\2DUI</Filter>
    </ClCompile>
    <ClCompile Include="enemy.cpp">
      <Filter>ソース ファイル\3D</Filter>
    </ClCompile>
    <ClCompile Include="escore.cpp">
      <Filter>ソース ファイル\2DUI</Filter>
    </ClCompile>
    <ClCompile Include="evaluation.cpp">
      <Filter>ソース ファイル\2DUI</Filter>
    </ClCompile>
    <ClCompile Include="frame.cpp">
      <Filter>ソース ファイル\2DUI</Filter>
    </ClCompile>
    <ClCompile Include="knockout.cpp">
      <Filter>ソース ファイル\2DUI</Filter>
    </ClCompile>
    <ClCompile Include="light.cpp">
      <Filter>ソース ファイル\3D</Filter>
    </ClCompile>
    <ClCompile Include="camera.cpp">
      <Filter>ソース ファイル\3D</Filter>
    </ClCompile>
    <ClCompile Include="meshfield.cpp">
      <Filter>ソース ファイル\3D</Filter>
    </ClCompile>
    <ClCompile Include="meshwall.cpp">
      <Filter>ソース ファイル\3D</Filter>
    </ClCompile>
    <ClCompile Include="player.cpp">
      <Filter>ソース ファイル\3D</Filter>
    </ClCompile>
    <ClCompile Include="shadow.cpp">
      <Filter>ソース ファイル\3D</Filter>
    </ClCompile>
    <ClCompile Include="modeselect.cpp">
      <Filter>ソース ファイル\2DUI</Filter>
    </ClCompile>
    <ClCompile Include="pause.cpp">
      <Filter>ソース ファイル\2DUI</Filter>
    </ClCompile>
    <ClCompile Include="result.cpp">
      <Filter>ソース ファイル\2DUI</Filter>
    </ClCompile>
    <ClCompile Include="resultstar.cpp">
      <Filter>ソース ファイル\2DUI</Filter>
    </ClCompile>
    <ClCompile Include="score.cpp">
      <Filter>ソース ファイル\2DUI</Filter>
    </ClCompile>
    <ClCompile Include="spmax.cpp">
      <Filter>ソース ファイル\2DUI</Filter>
    </ClCompile>
    <ClCompile Include="timer.cpp">
      <Filter>ソース ファイル\2DUI</Filter>
    </ClCompile>
    <ClCompile Include="title.cpp">
      <Filter>ソース ファイル\2DUI</Filter>
    </ClCompile>
    <ClCompile Include="tutorial.cpp">
      <Filter>ソース ファイル\2DUI</Filter>
    </ClCompile>
    <ClCompile Include="winner.cpp">
      <Filter>ソース ファイル\2DUI</Filter>
    </ClCompile>
    <ClCompile Include="thanks.cpp">
      <Filter>ソース ファイル\2DUI</Filter>
    </ClCompile>
    <ClCompile Include="effect.cpp">
      <Filter>ソース ファイル\3D</Filter>
    </ClCompile>
    <ClCompile Include="particle.cpp">
      <Filter>ソース ファイル\3D</Filter>
    </ClCompile>
    <ClCompile Include="skybox.cpp">
      <Filter>ソース ファイル\3D</Filter>
    </ClCompile>
    <ClCompile Include="ball.cpp">
      <Filter>ソース ファイル\System</Filter>
    </ClCompile>
    <ClCompile Include="battle.cpp">
      <Filter>ソース ファイル\System</Filter>
    </ClCompile>
    <ClCompile Include="hadou.cpp">
      <Filter>ソース ファイル\3D</Filter>
    </ClCompile>
    <ClCompile Include="pop.cpp">
      <Filter>ソース ファイル\3D</Filter>
    </ClCompile>
    <ClCompile Include="gauge.cpp">
      <Filter>ソース ファイル\2DUI</Filter>
    </ClCompile>
    <ClCompile Include="framespgauge.cpp">
      <Filter>ソース ファイル\2DUI</Filter>
    </ClCompile>
    <ClCompile Include="espgauge.cpp">
      <Filter>ソース ファイル\2DUI</Filter>
    </ClCompile>
    <ClCompile Include="eredgauge.cpp">
      <Filter>ソース ファイル\2DUI</Filter>
    </ClCompile>
    <ClCompile Include="egauge.cpp">
      <Filter>ソース ファイル\2DUI</Filter>
    </ClCompile>
    <ClCompile Include="spgauge.cpp">
      <Filter>ソース ファイル\2DUI</Filter>
    </ClCompile>
    <ClCompile Include="redgauge.cpp">
      <Filter>ソース ファイル\2DUI</Filter>
    </ClCompile>
  </ItemGroup>
  <ItemGroup>
    <ResourceCompile Include="Icon.rc">
      <Filter>リソース ファイル</Filter>
    </ResourceCompile>
  </ItemGroup>
</Project>